
Microsoft Visual Studio Solution File, Format Version 12.00
# Visual Studio 15
VisualStudioVersion = 15.0.28307.329
MinimumVisualStudioVersion = 10.0.40219.1
Project("{FAE04EC0-301F-11D3-BF4B-00C04F79EFBC}") = "NFSe.Portal.TestesIntegracao", "NFSe.Portal.TestesIntegracao\NFSe.Portal.TestesIntegracao.csproj", "{4D6A908F-5929-4D46-9AF5-CF6A3957B046}"
EndProject
Project("{FAE04EC0-301F-11D3-BF4B-00C04F79EFBC}") = "Bdd-Database", "Bdd-Database\Bdd-Database.csproj", "{C169812D-04EC-4044-B389-8EAF176AF15D}"
EndProject
Global
	GlobalSection(SolutionConfigurationPlatforms) = preSolution
		Debug|Any CPU = Debug|Any CPU
		Release|Any CPU = Release|Any CPU
	EndGlobalSection
	GlobalSection(ProjectConfigurationPlatforms) = postSolution
		{4D6A908F-5929-4D46-9AF5-CF6A3957B046}.Debug|Any CPU.ActiveCfg = Debug|Any CPU
		{4D6A908F-5929-4D46-9AF5-CF6A3957B046}.Debug|Any CPU.Build.0 = Debug|Any CPU
		{4D6A908F-5929-4D46-9AF5-CF6A3957B046}.Release|Any CPU.ActiveCfg = Release|Any CPU
		{4D6A908F-5929-4D46-9AF5-CF6A3957B046}.Release|Any CPU.Build.0 = Release|Any CPU
		{C169812D-04EC-4044-B389-8EAF176AF15D}.Debug|Any CPU.ActiveCfg = Debug|Any CPU
		{C169812D-04EC-4044-B389-8EAF176AF15D}.Debug|Any CPU.Build.0 = Debug|Any CPU
		{C169812D-04EC-4044-B389-8EAF176AF15D}.Release|Any CPU.ActiveCfg = Release|Any CPU
		{C169812D-04EC-4044-B389-8EAF176AF15D}.Release|Any CPU.Build.0 = Release|Any CPU
	EndGlobalSection
	GlobalSection(SolutionProperties) = preSolution
		HideSolutionNode = FALSE
	EndGlobalSection
	GlobalSection(ExtensibilityGlobals) = postSolution
		SolutionGuid = {98E7E1E6-7469-4D83-8DA2-CECCCF1C479E}
	EndGlobalSection
EndGlobal
